{
  "requires": true,
  "lockfileVersion": 1,
  "dependencies": {
    "weui": {
      "version": "2.5.4",
      "resolved": "https://registry.npmjs.org/weui/-/weui-2.5.4.tgz",
      "integrity": "sha512-N3VyhScMUXU3deOhusfxyUSTkVnat7vMgcd96seqd1xnKUc7/6vt7eDKbw+McG/pPduQYp2bZ1JdG8UxjFq0KQ=="
    }
  }
}
